// !$*UTF8*$!
{
	archiveVersion = 1;
	classes = {
	};
	objectVersion = 77;
	objects = {

/* Begin PBXBuildFile section */
		3753EA0F344075B2059166B5 /* Pods_PingChekker.framework in Frameworks */ = {isa = PBXBuildFile; fileRef = C3AC150294341B39C65FB2A7 /* Pods_PingChekker.framework */; };
		600A5D48B4FE541DEDA3120A /* Pods_PingChekkerTests.framework in Frameworks */ = {isa = PBXBuildFile; fileRef = 862973A5F5E0F6B2FCB86CEA /* Pods_PingChekkerTests.framework */; };
		EE1596BF74F497A60CBAF9E3 /* Pods_PingChekker_PingChekkerUITests.framework in Frameworks */ = {isa = PBXBuildFile; fileRef = 7AB12A68FEAC13FB7D418D69 /* Pods_PingChekker_PingChekkerUITests.framework */; };
/* End PBXBuildFile section */

/* Begin PBXContainerItemProxy section */
		A05ECEF22D8722A700A018E5 /* PBXContainerItemProxy */ = {
			isa = PBXContainerItemProxy;
			containerPortal = A05ECED82D8722A500A018E5 /* Project object */;
			proxyType = 1;
			remoteGlobalIDString = A05ECEDF2D8722A500A018E5;
			remoteInfo = PingChekker;
		};
		A05ECEFC2D8722A700A018E5 /* PBXContainerItemProxy */ = {
			isa = PBXContainerItemProxy;
			containerPortal = A05ECED82D8722A500A018E5 /* Project object */;
			proxyType = 1;
			remoteGlobalIDString = A05ECEDF2D8722A500A018E5;
			remoteInfo = PingChekker;
		};
/* End PBXContainerItemProxy section */

/* Begin PBXFileReference section */
		541A4428898519BF067E0105 /* Pods-PingChekkerTests.debug.xcconfig */ = {isa = PBXFileReference; includeInIndex = 1; lastKnownFileType = text.xcconfig; name = "Pods-PingChekkerTests.debug.xcconfig"; path = "Target Support Files/Pods-PingChekkerTests/Pods-PingChekkerTests.debug.xcconfig"; sourceTree = "<group>"; };
		6305926D5933CEED4CE66932 /* Pods-PingChekker-PingChekkerUITests.release.xcconfig */ = {isa = PBXFileReference; includeInIndex = 1; lastKnownFileType = text.xcconfig; name = "Pods-PingChekker-PingChekkerUITests.release.xcconfig"; path = "Target Support Files/Pods-PingChekker-PingChekkerUITests/Pods-PingChekker-PingChekkerUITests.release.xcconfig"; sourceTree = "<group>"; };
		6FFE854AFFB0826DB7609898 /* Pods-PingChekker.release.xcconfig */ = {isa = PBXFileReference; includeInIndex = 1; lastKnownFileType = text.xcconfig; name = "Pods-PingChekker.release.xcconfig"; path = "Target Support Files/Pods-PingChekker/Pods-PingChekker.release.xcconfig"; sourceTree = "<group>"; };
		7AB12A68FEAC13FB7D418D69 /* Pods_PingChekker_PingChekkerUITests.framework */ = {isa = PBXFileReference; explicitFileType = wrapper.framework; includeInIndex = 0; path = Pods_PingChekker_PingChekkerUITests.framework; sourceTree = BUILT_PRODUCTS_DIR; };
		862973A5F5E0F6B2FCB86CEA /* Pods_PingChekkerTests.framework */ = {isa = PBXFileReference; explicitFileType = wrapper.framework; includeInIndex = 0; path = Pods_PingChekkerTests.framework; sourceTree = BUILT_PRODUCTS_DIR; };
		A05ECEE02D8722A500A018E5 /* PingChekker.app */ = {isa = PBXFileReference; explicitFileType = wrapper.application; includeInIndex = 0; path = PingChekker.app; sourceTree = BUILT_PRODUCTS_DIR; };
		A05ECEF12D8722A700A018E5 /* PingChekkerTests.xctest */ = {isa = PBXFileReference; explicitFileType = wrapper.cfbundle; includeInIndex = 0; path = PingChekkerTests.xctest; sourceTree = BUILT_PRODUCTS_DIR; };
		A05ECEFB2D8722A700A018E5 /* PingChekkerUITests.xctest */ = {isa = PBXFileReference; explicitFileType = wrapper.cfbundle; includeInIndex = 0; path = PingChekkerUITests.xctest; sourceTree = BUILT_PRODUCTS_DIR; };
		A3B7C9404915196B11F8778C /* Pods-PingChekker-PingChekkerUITests.debug.xcconfig */ = {isa = PBXFileReference; includeInIndex = 1; lastKnownFileType = text.xcconfig; name = "Pods-PingChekker-PingChekkerUITests.debug.xcconfig"; path = "Target Support Files/Pods-PingChekker-PingChekkerUITests/Pods-PingChekker-PingChekkerUITests.debug.xcconfig"; sourceTree = "<group>"; };
		C3AC150294341B39C65FB2A7 /* Pods_PingChekker.framework */ = {isa = PBXFileReference; explicitFileType = wrapper.framework; includeInIndex = 0; path = Pods_PingChekker.framework; sourceTree = BUILT_PRODUCTS_DIR; };
		D68E13F3B13C48DF96FBD613 /* Pods-PingChekkerTests.release.xcconfig */ = {isa = PBXFileReference; includeInIndex = 1; lastKnownFileType = text.xcconfig; name = "Pods-PingChekkerTests.release.xcconfig"; path = "Target Support Files/Pods-PingChekkerTests/Pods-PingChekkerTests.release.xcconfig"; sourceTree = "<group>"; };
		FDB94EBEDE0F48415FCC5337 /* Pods-PingChekker.debug.xcconfig */ = {isa = PBXFileReference; includeInIndex = 1; lastKnownFileType = text.xcconfig; name = "Pods-PingChekker.debug.xcconfig"; path = "Target Support Files/Pods-PingChekker/Pods-PingChekker.debug.xcconfig"; sourceTree = "<group>"; };
/* End PBXFileReference section */

/* Begin PBXFileSystemSynchronizedBuildFileExceptionSet section */
		A0FC2BF12EDD358A00868161 /* Exceptions for "PingChekker" folder in "PingChekker" target */ = {
			isa = PBXFileSystemSynchronizedBuildFileExceptionSet;
			membershipExceptions = (
				Info.plist,
			);
			target = A05ECEDF2D8722A500A018E5 /* PingChekker */;
		};
/* End PBXFileSystemSynchronizedBuildFileExceptionSet section */

/* Begin PBXFileSystemSynchronizedRootGroup section */
		A05ECEE22D8722A500A018E5 /* PingChekker */ = {
			isa = PBXFileSystemSynchronizedRootGroup;
			exceptions = (
				A0FC2BF12EDD358A00868161 /* Exceptions for "PingChekker" folder in "PingChekker" target */,
			);
			path = PingChekker;
			sourceTree = "<group>";
		};
		A05ECEF42D8722A700A018E5 /* PingChekkerTests */ = {
			isa = PBXFileSystemSynchronizedRootGroup;
			path = PingChekkerTests;
			sourceTree = "<group>";
		};
		A05ECEFE2D8722A700A018E5 /* PingChekkerUITests */ = {
			isa = PBXFileSystemSynchronizedRootGroup;
			path = PingChekkerUITests;
			sourceTree = "<group>";
		};
/* End PBXFileSystemSynchronizedRootGroup section */

/* Begin PBXFrameworksBuildPhase section */
		A05ECEDD2D8722A500A018E5 /* Frameworks */ = {
			isa = PBXFrameworksBuildPhase;
			buildActionMask = 2147483647;
			files = (
				3753EA0F344075B2059166B5 /* Pods_PingChekker.framework in Frameworks */,
			);
			runOnlyForDeploymentPostprocessing = 0;
		};
		A05ECEEE2D8722A700A018E5 /* Frameworks */ = {
			isa = PBXFrameworksBuildPhase;
			buildActionMask = 2147483647;
			files = (
				600A5D48B4FE541DEDA3120A /* Pods_PingChekkerTests.framework in Frameworks */,
			);
			runOnlyForDeploymentPostprocessing = 0;
		};
		A05ECEF82D8722A700A018E5 /* Frameworks */ = {
			isa = PBXFrameworksBuildPhase;
			buildActionMask = 2147483647;
			files = (
				EE1596BF74F497A60CBAF9E3 /* Pods_PingChekker_PingChekkerUITests.framework in Frameworks */,
			);
			runOnlyForDeploymentPostprocessing = 0;
		};
/* End PBXFrameworksBuildPhase section */

/* Begin PBXGroup section */
		0D1F7D529DC0E8337CCAF824 /* Pods */ = {
			isa = PBXGroup;
			children = (
				FDB94EBEDE0F48415FCC5337 /* Pods-PingChekker.debug.xcconfig */,
				6FFE854AFFB0826DB7609898 /* Pods-PingChekker.release.xcconfig */,
				A3B7C9404915196B11F8778C /* Pods-PingChekker-PingChekkerUITests.debug.xcconfig */,
				6305926D5933CEED4CE66932 /* Pods-PingChekker-PingChekkerUITests.release.xcconfig */,
				541A4428898519BF067E0105 /* Pods-PingChekkerTests.debug.xcconfig */,
				D68E13F3B13C48DF96FBD613 /* Pods-PingChekkerTests.release.xcconfig */,
			);
			path = Pods;
			sourceTree = "<group>";
		};
		9B18953391CC57F8E60BD1BB /* Frameworks */ = {
			isa = PBXGroup;
			children = (
				C3AC150294341B39C65FB2A7 /* Pods_PingChekker.framework */,
				7AB12A68FEAC13FB7D418D69 /* Pods_PingChekker_PingChekkerUITests.framework */,
				862973A5F5E0F6B2FCB86CEA /* Pods_PingChekkerTests.framework */,
			);
			name = Frameworks;
			sourceTree = "<group>";
		};
		A05ECED72D8722A500A018E5 = {
			isa = PBXGroup;
			children = (
				A05ECEE22D8722A500A018E5 /* PingChekker */,
				A05ECEF42D8722A700A018E5 /* PingChekkerTests */,
				A05ECEFE2D8722A700A018E5 /* PingChekkerUITests */,
				A05ECEE12D8722A500A018E5 /* Products */,
				0D1F7D529DC0E8337CCAF824 /* Pods */,
				9B18953391CC57F8E60BD1BB /* Frameworks */,
			);
			sourceTree = "<group>";
		};
		A05ECEE12D8722A500A018E5 /* Products */ = {
			isa = PBXGroup;
			children = (
				A05ECEE02D8722A500A018E5 /* PingChekker.app */,
				A05ECEF12D8722A700A018E5 /* PingChekkerTests.xctest */,
				A05ECEFB2D8722A700A018E5 /* PingChekkerUITests.xctest */,
			);
			name = Products;
			sourceTree = "<group>";
		};
/* End PBXGroup section */

/* Begin PBXNativeTarget section */
		A05ECEDF2D8722A500A018E5 /* PingChekker */ = {
			isa = PBXNativeTarget;
			buildConfigurationList = A05ECF052D8722A700A018E5 /* Build configuration list for PBXNativeTarget "PingChekker" */;
			buildPhases = (
				C9C51B15D051E89FE91761FE /* [CP] Check Pods Manifest.lock */,
				A05ECEDC2D8722A500A018E5 /* Sources */,
				A05ECEDD2D8722A500A018E5 /* Frameworks */,
				A05ECEDE2D8722A500A018E5 /* Resources */,
				B0B21394CDF6DE7DBC485930 /* [CP] Embed Pods Frameworks */,
			);
			buildRules = (
			);
			dependencies = (
			);
			fileSystemSynchronizedGroups = (
				A05ECEE22D8722A500A018E5 /* PingChekker */,
			);
			name = PingChekker;
			productName = PingChekker;
			productReference = A05ECEE02D8722A500A018E5 /* PingChekker.app */;
			productType = "com.apple.product-type.application";
		};
		A05ECEF02D8722A700A018E5 /* PingChekkerTests */ = {
			isa = PBXNativeTarget;
			buildConfigurationList = A05ECF082D8722A700A018E5 /* Build configuration list for PBXNativeTarget "PingChekkerTests" */;
			buildPhases = (
				CDE7A9378B4980F0AD658B34 /* [CP] Check Pods Manifest.lock */,
				A05ECEED2D8722A700A018E5 /* Sources */,
				A05ECEEE2D8722A700A018E5 /* Frameworks */,
				A05ECEEF2D8722A700A018E5 /* Resources */,
			);
			buildRules = (
			);
			dependencies = (
				A05ECEF32D8722A700A018E5 /* PBXTargetDependency */,
			);
			fileSystemSynchronizedGroups = (
				A05ECEF42D8722A700A018E5 /* PingChekkerTests */,
			);
			name = PingChekkerTests;
			productName = PingChekkerTests;
			productReference = A05ECEF12D8722A700A018E5 /* PingChekkerTests.xctest */;
			productType = "com.apple.product-type.bundle.unit-test";
		};
		A05ECEFA2D8722A700A018E5 /* PingChekkerUITests */ = {
			isa = PBXNativeTarget;
			buildConfigurationList = A05ECF0B2D8722A700A018E5 /* Build configuration list for PBXNativeTarget "PingChekkerUITests" */;
			buildPhases = (
				DB8BE0C0E085822EF4886A73 /* [CP] Check Pods Manifest.lock */,
				A05ECEF72D8722A700A018E5 /* Sources */,
				A05ECEF82D8722A700A018E5 /* Frameworks */,
				A05ECEF92D8722A700A018E5 /* Resources */,
				671AE2AFCFB7385496C2D996 /* [CP] Embed Pods Frameworks */,
			);
			buildRules = (
			);
			dependencies = (
				A05ECEFD2D8722A700A018E5 /* PBXTargetDependency */,
			);
			fileSystemSynchronizedGroups = (
				A05ECEFE2D8722A700A018E5 /* PingChekkerUITests */,
			);
			name = PingChekkerUITests;
			productName = PingChekkerUITests;
			productReference = A05ECEFB2D8722A700A018E5 /* PingChekkerUITests.xctest */;
			productType = "com.apple.product-type.bundle.ui-testing";
		};
/* End PBXNativeTarget section */

/* Begin PBXProject section */
		A05ECED82D8722A500A018E5 /* Project object */ = {
			isa = PBXProject;
			attributes = {
				BuildIndependentTargetsInParallel = 1;
				LastSwiftUpdateCheck = 1620;
				LastUpgradeCheck = 1620;
				TargetAttributes = {
					A05ECEDF2D8722A500A018E5 = {
						CreatedOnToolsVersion = 16.2;
						LastSwiftMigration = 1620;
					};
					A05ECEF02D8722A700A018E5 = {
						CreatedOnToolsVersion = 16.2;
						TestTargetID = A05ECEDF2D8722A500A018E5;
					};
					A05ECEFA2D8722A700A018E5 = {
						CreatedOnToolsVersion = 16.2;
						TestTargetID = A05ECEDF2D8722A500A018E5;
					};
				};
			};
			buildConfigurationList = A05ECEDB2D8722A500A018E5 /* Build configuration list for PBXProject "PingChekker" */;
			developmentRegion = en;
			hasScannedForEncodings = 0;
			knownRegions = (
				en,
				Base,
				id,
			);
			mainGroup = A05ECED72D8722A500A018E5;
			minimizedProjectReferenceProxies = 1;
			preferredProjectObjectVersion = 77;
			productRefGroup = A05ECEE12D8722A500A018E5 /* Products */;
			projectDirPath = "";
			projectRoot = "";
			targets = (
				A05ECEDF2D8722A500A018E5 /* PingChekker */,
				A05ECEF02D8722A700A018E5 /* PingChekkerTests */,
				A05ECEFA2D8722A700A018E5 /* PingChekkerUITests */,
			);
		};
/* End PBXProject section */

/* Begin PBXResourcesBuildPhase section */
		A05ECEDE2D8722A500A018E5 /* Resources */ = {
			isa = PBXResourcesBuildPhase;
			buildActionMask = 2147483647;
			files = (
			);
			runOnlyForDeploymentPostprocessing = 0;
		};
		A05ECEEF2D8722A700A018E5 /* Resources */ = {
			isa = PBXResourcesBuildPhase;
			buildActionMask = 2147483647;
			files = (
			);
			runOnlyForDeploymentPostprocessing = 0;
		};
		A05ECEF92D8722A700A018E5 /* Resources */ = {
			isa = PBXResourcesBuildPhase;
			buildActionMask = 2147483647;
			files = (
			);
			runOnlyForDeploymentPostprocessing = 0;
		};
/* End PBXResourcesBuildPhase section */

/* Begin PBXShellScriptBuildPhase section */
		671AE2AFCFB7385496C2D996 /* [CP] Embed Pods Frameworks */ = {
			isa = PBXShellScriptBuildPhase;
			buildActionMask = 2147483647;
			files = (
			);
			inputFileListPaths = (
				"${PODS_ROOT}/Target Support Files/Pods-PingChekker-PingChekkerUITests/Pods-PingChekker-PingChekkerUITests-frameworks-${CONFIGURATION}-input-files.xcfilelist",
			);
			name = "[CP] Embed Pods Frameworks";
			outputFileListPaths = (
				"${PODS_ROOT}/Target Support Files/Pods-PingChekker-PingChekkerUITests/Pods-PingChekker-PingChekkerUITests-frameworks-${CONFIGURATION}-output-files.xcfilelist",
			);
			runOnlyForDeploymentPostprocessing = 0;
			shellPath = /bin/sh;
			shellScript = "\"${PODS_ROOT}/Target Support Files/Pods-PingChekker-PingChekkerUITests/Pods-PingChekker-PingChekkerUITests-frameworks.sh\"\n";
			showEnvVarsInLog = 0;
		};
		B0B21394CDF6DE7DBC485930 /* [CP] Embed Pods Frameworks */ = {
			isa = PBXShellScriptBuildPhase;
			buildActionMask = 2147483647;
			files = (
			);
			inputFileListPaths = (
				"${PODS_ROOT}/Target Support Files/Pods-PingChekker/Pods-PingChekker-frameworks-${CONFIGURATION}-input-files.xcfilelist",
			);
			name = "[CP] Embed Pods Frameworks";
			outputFileListPaths = (
				"${PODS_ROOT}/Target Support Files/Pods-PingChekker/Pods-PingChekker-frameworks-${CONFIGURATION}-output-files.xcfilelist",
			);
			runOnlyForDeploymentPostprocessing = 0;
			shellPath = /bin/sh;
			shellScript = "\"${PODS_ROOT}/Target Support Files/Pods-PingChekker/Pods-PingChekker-frameworks.sh\"\n";
			showEnvVarsInLog = 0;
		};
		C9C51B15D051E89FE91761FE /* [CP] Check Pods Manifest.lock */ = {
			isa = PBXShellScriptBuildPhase;
			buildActionMask = 2147483647;
			files = (
			);
			inputFileListPaths = (
			);
			inputPaths = (
				"${PODS_PODFILE_DIR_PATH}/Podfile.lock",
				"${PODS_ROOT}/Manifest.lock",
			);
			name = "[CP] Check Pods Manifest.lock";
			outputFileListPaths = (
			);
			outputPaths = (
				"$(DERIVED_FILE_DIR)/Pods-PingChekker-checkManifestLockResult.txt",
			);
			runOnlyForDeploymentPostprocessing = 0;
			shellPath = /bin/sh;
			shellScript = "diff \"${PODS_PODFILE_DIR_PATH}/Podfile.lock\" \"${PODS_ROOT}/Manifest.lock\" > /dev/null\nif [ $? != 0 ] ; then\n    # print error to STDERR\n    echo \"error: The sandbox is not in sync with the Podfile.lock. Run 'pod install' or update your CocoaPods installation.\" >&2\n    exit 1\nfi\n# This output is used by Xcode 'outputs' to avoid re-running this script phase.\necho \"SUCCESS\" > \"${SCRIPT_OUTPUT_FILE_0}\"\n";
			showEnvVarsInLog = 0;
		};
		CDE7A9378B4980F0AD658B34 /* [CP] Check Pods Manifest.lock */ = {
			isa = PBXShellScriptBuildPhase;
			buildActionMask = 2147483647;
			files = (
			);
			inputFileListPaths = (
			);
			inputPaths = (
				"${PODS_PODFILE_DIR_PATH}/Podfile.lock",
				"${PODS_ROOT}/Manifest.lock",
			);
			name = "[CP] Check Pods Manifest.lock";
			outputFileListPaths = (
			);
			outputPaths = (
				"$(DERIVED_FILE_DIR)/Pods-PingChekkerTests-checkManifestLockResult.txt",
			);
			runOnlyForDeploymentPostprocessing = 0;
			shellPath = /bin/sh;
			shellScript = "diff \"${PODS_PODFILE_DIR_PATH}/Podfile.lock\" \"${PODS_ROOT}/Manifest.lock\" > /dev/null\nif [ $? != 0 ] ; then\n    # print error to STDERR\n    echo \"error: The sandbox is not in sync with the Podfile.lock. Run 'pod install' or update your CocoaPods installation.\" >&2\n    exit 1\nfi\n# This output is used by Xcode 'outputs' to avoid re-running this script phase.\necho \"SUCCESS\" > \"${SCRIPT_OUTPUT_FILE_0}\"\n";
			showEnvVarsInLog = 0;
		};
		DB8BE0C0E085822EF4886A73 /* [CP] Check Pods Manifest.lock */ = {
			isa = PBXShellScriptBuildPhase;
			buildActionMask = 2147483647;
			files = (
			);
			inputFileListPaths = (
			);
			inputPaths = (
				"${PODS_PODFILE_DIR_PATH}/Podfile.lock",
				"${PODS_ROOT}/Manifest.lock",
			);
			name = "[CP] Check Pods Manifest.lock";
			outputFileListPaths = (
			);
			outputPaths = (
				"$(DERIVED_FILE_DIR)/Pods-PingChekker-PingChekkerUITests-checkManifestLockResult.txt",
			);
			runOnlyForDeploymentPostprocessing = 0;
			shellPath = /bin/sh;
			shellScript = "diff \"${PODS_PODFILE_DIR_PATH}/Podfile.lock\" \"${PODS_ROOT}/Manifest.lock\" > /dev/null\nif [ $? != 0 ] ; then\n    # print error to STDERR\n    echo \"error: The sandbox is not in sync with the Podfile.lock. Run 'pod install' or update your CocoaPods installation.\" >&2\n    exit 1\nfi\n# This output is used by Xcode 'outputs' to avoid re-running this script phase.\necho \"SUCCESS\" > \"${SCRIPT_OUTPUT_FILE_0}\"\n";
			showEnvVarsInLog = 0;
		};
/* End PBXShellScriptBuildPhase section */

/* Begin PBXSourcesBuildPhase section */
		A05ECEDC2D8722A500A018E5 /* Sources */ = {
			isa = PBXSourcesBuildPhase;
			buildActionMask = 2147483647;
			files = (
			);
			runOnlyForDeploymentPostprocessing = 0;
		};
		A05ECEED2D8722A700A018E5 /* Sources */ = {
			isa = PBXSourcesBuildPhase;
			buildActionMask = 2147483647;
			files = (
			);
			runOnlyForDeploymentPostprocessing = 0;
		};
		A05ECEF72D8722A700A018E5 /* Sources */ = {
			isa = PBXSourcesBuildPhase;
			buildActionMask = 2147483647;
			files = (
			);
			runOnlyForDeploymentPostprocessing = 0;
		};
/* End PBXSourcesBuildPhase section */

/* Begin PBXTargetDependency section */
		A05ECEF32D8722A700A018E5 /* PBXTargetDependency */ = {
			isa = PBXTargetDependency;
			target = A05ECEDF2D8722A500A018E5 /* PingChekker */;
			targetProxy = A05ECEF22D8722A700A018E5 /* PBXContainerItemProxy */;
		};
		A05ECEFD2D8722A700A018E5 /* PBXTargetDependency */ = {
			isa = PBXTargetDependency;
			target = A05ECEDF2D8722A500A018E5 /* PingChekker */;
			targetProxy = A05ECEFC2D8722A700A018E5 /* PBXContainerItemProxy */;
		};
/* End PBXTargetDependency section */

/* Begin XCBuildConfiguration section */
		A05ECF032D8722A700A018E5 /* Debug */ = {
			isa = XCBuildConfiguration;
			buildSettings = {
				ALWAYS_SEARCH_USER_PATHS = NO;
				ASSETCATALOG_COMPILER_GENERATE_SWIFT_ASSET_SYMBOL_EXTENSIONS = YES;
				CLANG_ANALYZER_NONNULL = YES;
				CLANG_ANALYZER_NUMBER_OBJECT_CONVERSION = YES_AGGRESSIVE;
				CLANG_CXX_LANGUAGE_STANDARD = "gnu++20";
				CLANG_ENABLE_MODULES = YES;
				CLANG_ENABLE_OBJC_ARC = YES;
				CLANG_ENABLE_OBJC_WEAK = YES;
				CLANG_WARN_BLOCK_CAPTURE_AUTORELEASING = YES;
				CLANG_WARN_BOOL_CONVERSION = YES;
				CLANG_WARN_COMMA = YES;
				CLANG_WARN_CONSTANT_CONVERSION = YES;
				CLANG_WARN_DEPRECATED_OBJC_IMPLEMENTATIONS = YES;
				CLANG_WARN_DIRECT_OBJC_ISA_USAGE = YES_ERROR;
				CLANG_WARN_DOCUMENTATION_COMMENTS = YES;
				CLANG_WARN_EMPTY_BODY = YES;
				CLANG_WARN_ENUM_CONVERSION = YES;
				CLANG_WARN_INFINITE_RECURSION = YES;
				CLANG_WARN_INT_CONVERSION = YES;
				CLANG_WARN_NON_LITERAL_NULL_CONVERSION = YES;
				CLANG_WARN_OBJC_IMPLICIT_RETAIN_SELF = YES;
				CLANG_WARN_OBJC_LITERAL_CONVERSION = YES;
				CLANG_WARN_OBJC_ROOT_CLASS = YES_ERROR;
				CLANG_WARN_QUOTED_INCLUDE_IN_FRAMEWORK_HEADER = YES;
				CLANG_WARN_RANGE_LOOP_ANALYSIS = YES;
				CLANG_WARN_STRICT_PROTOTYPES = YES;
				CLANG_WARN_SUSPICIOUS_MOVE = YES;
				CLANG_WARN_UNGUARDED_AVAILABILITY = YES_AGGRESSIVE;
				CLANG_WARN_UNREACHABLE_CODE = YES;
				CLANG_WARN__DUPLICATE_METHOD_MATCH = YES;
				COPY_PHASE_STRIP = NO;
				DEBUG_INFORMATION_FORMAT = dwarf;
				ENABLE_STRICT_OBJC_MSGSEND = YES;
				ENABLE_TESTABILITY = YES;
				ENABLE_USER_SCRIPT_SANDBOXING = YES;
				GCC_C_LANGUAGE_STANDARD = gnu17;
				GCC_DYNAMIC_NO_PIC = NO;
				GCC_NO_COMMON_BLOCKS = YES;
				GCC_OPTIMIZATION_LEVEL = 0;
				GCC_PREPROCESSOR_DEFINITIONS = (
					"DEBUG=1",
					"$(inherited)",
				);
				GCC_WARN_64_TO_32_BIT_CONVERSION = YES;
				GCC_WARN_ABOUT_RETURN_TYPE = YES_ERROR;
				GCC_WARN_UNDECLARED_SELECTOR = YES;
				GCC_WARN_UNINITIALIZED_AUTOS = YES_AGGRESSIVE;
				GCC_WARN_UNUSED_FUNCTION = YES;
				GCC_WARN_UNUSED_VARIABLE = YES;
				LOCALIZATION_PREFERS_STRING_CATALOGS = YES;
				MACOSX_DEPLOYMENT_TARGET = 15.1;
				MTL_ENABLE_DEBUG_INFO = INCLUDE_SOURCE;
				MTL_FAST_MATH = YES;
				ONLY_ACTIVE_ARCH = YES;
				SDKROOT = macosx;
				SWIFT_ACTIVE_COMPILATION_CONDITIONS = "DEBUG $(inherited)";
				SWIFT_EMIT_LOC_STRINGS = YES;
				SWIFT_OPTIMIZATION_LEVEL = "-Onone";
			};
			name = Debug;
		};
		A05ECF042D8722A700A018E5 /* Release */ = {
			isa = XCBuildConfiguration;
			buildSettings = {
				ALWAYS_SEARCH_USER_PATHS = NO;
				ASSETCATALOG_COMPILER_GENERATE_SWIFT_ASSET_SYMBOL_EXTENSIONS = YES;
				CLANG_ANALYZER_NONNULL = YES;
				CLANG_ANALYZER_NUMBER_OBJECT_CONVERSION = YES_AGGRESSIVE;
				CLANG_CXX_LANGUAGE_STANDARD = "gnu++20";
				CLANG_ENABLE_MODULES = YES;
				CLANG_ENABLE_OBJC_ARC = YES;
				CLANG_ENABLE_OBJC_WEAK = YES;
				CLANG_WARN_BLOCK_CAPTURE_AUTORELEASING = YES;
				CLANG_WARN_BOOL_CONVERSION = YES;
				CLANG_WARN_COMMA = YES;
				CLANG_WARN_CONSTANT_CONVERSION = YES;
				CLANG_WARN_DEPRECATED_OBJC_IMPLEMENTATIONS = YES;
				CLANG_WARN_DIRECT_OBJC_ISA_USAGE = YES_ERROR;
				CLANG_WARN_DOCUMENTATION_COMMENTS = YES;
				CLANG_WARN_EMPTY_BODY = YES;
				CLANG_WARN_ENUM_CONVERSION = YES;
				CLANG_WARN_INFINITE_RECURSION = YES;
				CLANG_WARN_INT_CONVERSION = YES;
				CLANG_WARN_NON_LITERAL_NULL_CONVERSION = YES;
				CLANG_WARN_OBJC_IMPLICIT_RETAIN_SELF = YES;
				CLANG_WARN_OBJC_LITERAL_CONVERSION = YES;
				CLANG_WARN_OBJC_ROOT_CLASS = YES_ERROR;
				CLANG_WARN_QUOTED_INCLUDE_IN_FRAMEWORK_HEADER = YES;
				CLANG_WARN_RANGE_LOOP_ANALYSIS = YES;
				CLANG_WARN_STRICT_PROTOTYPES = YES;
				CLANG_WARN_SUSPICIOUS_MOVE = YES;
				CLANG_WARN_UNGUARDED_AVAILABILITY = YES_AGGRESSIVE;
				CLANG_WARN_UNREACHABLE_CODE = YES;
				CLANG_WARN__DUPLICATE_METHOD_MATCH = YES;
				COPY_PHASE_STRIP = NO;
				DEBUG_INFORMATION_FORMAT = "dwarf-with-dsym";
				ENABLE_NS_ASSERTIONS = NO;
				ENABLE_STRICT_OBJC_MSGSEND = YES;
				ENABLE_USER_SCRIPT_SANDBOXING = YES;
				GCC_C_LANGUAGE_STANDARD = gnu17;
				GCC_NO_COMMON_BLOCKS = YES;
				GCC_WARN_64_TO_32_BIT_CONVERSION = YES;
				GCC_WARN_ABOUT_RETURN_TYPE = YES_ERROR;
				GCC_WARN_UNDECLARED_SELECTOR = YES;
				GCC_WARN_UNINITIALIZED_AUTOS = YES_AGGRESSIVE;
				GCC_WARN_UNUSED_FUNCTION = YES;
				GCC_WARN_UNUSED_VARIABLE = YES;
				LOCALIZATION_PREFERS_STRING_CATALOGS = YES;
				MACOSX_DEPLOYMENT_TARGET = 15.1;
				MTL_ENABLE_DEBUG_INFO = NO;
				MTL_FAST_MATH = YES;
				SDKROOT = macosx;
				SWIFT_COMPILATION_MODE = wholemodule;
				SWIFT_EMIT_LOC_STRINGS = YES;
			};
			name = Release;
		};
		A05ECF062D8722A700A018E5 /* Debug */ = {
			isa = XCBuildConfiguration;
			baseConfigurationReference = FDB94EBEDE0F48415FCC5337 /* Pods-PingChekker.debug.xcconfig */;
			buildSettings = {
				ASSETCATALOG_COMPILER_APPICON_NAME = AppIcon;
				ASSETCATALOG_COMPILER_GLOBAL_ACCENT_COLOR_NAME = AccentColor;
				CLANG_ENABLE_MODULES = YES;
				CODE_SIGN_ENTITLEMENTS = PingChekker/PingChekker.entitlements;
				"CODE_SIGN_IDENTITY[sdk=macosx*]" = "Apple Development";
				CODE_SIGN_STYLE = Automatic;
				COMBINE_HIDPI_IMAGES = YES;
				CURRENT_PROJECT_VERSION = 1;
				DEVELOPMENT_ASSET_PATHS = "\"PingChekker/Preview Content\"";
				DEVELOPMENT_TEAM = KCZ9U3V7VQ;
				ENABLE_HARDENED_RUNTIME = YES;
				ENABLE_PREVIEWS = YES;
				ENABLE_USER_SCRIPT_SANDBOXING = NO;
				FRAMEWORK_SEARCH_PATHS = "$(inherited)";
				GENERATE_INFOPLIST_FILE = YES;
				HEADER_SEARCH_PATHS = "$(inherited)";
				INFOPLIST_FILE = PingChekker/Info.plist;
				INFOPLIST_KEY_NSHumanReadableCopyright = "";
				INFOPLIST_KEY_NSLocalNetworkUsageDescription = "PingChekker needs access to your local network to identify your device's local IP address and network interface details.";
				INFOPLIST_KEY_NSLocationUsageDescription = "PingChekker needs access to your location to identify Wi-Fi networks (SSID & BSSID) for accurate history logging.";
				LD_RUNPATH_SEARCH_PATHS = (
					"$(inherited)",
					"@executable_path/../Frameworks",
				);
				LIBRARY_SEARCH_PATHS = "$(inherited)";
				MARKETING_VERSION = 1.0.0;
				PRODUCT_BUNDLE_IDENTIFIER = id.ios.komerce.rajaongkir;
				PRODUCT_NAME = "$(TARGET_NAME)";
				SWIFT_EMIT_LOC_STRINGS = YES;
				SWIFT_OBJC_BRIDGING_HEADER = "PingChekker/PingChekker-Bridging-Header.h";
				SWIFT_OPTIMIZATION_LEVEL = "-Onone";
				SWIFT_VERSION = 5.0;
			};
			name = Debug;
		};
		A05ECF072D8722A700A018E5 /* Release */ = {
			isa = XCBuildConfiguration;
			baseConfigurationReference = 6FFE854AFFB0826DB7609898 /* Pods-PingChekker.release.xcconfig */;
			buildSettings = {
				ASSETCATALOG_COMPILER_APPICON_NAME = AppIcon;
				ASSETCATALOG_COMPILER_GLOBAL_ACCENT_COLOR_NAME = AccentColor;
				CLANG_ENABLE_MODULES = YES;
				CODE_SIGN_ENTITLEMENTS = PingChekker/PingChekker.entitlements;
				"CODE_SIGN_IDENTITY[sdk=macosx*]" = "Apple Development";
				CODE_SIGN_STYLE = Automatic;
				COMBINE_HIDPI_IMAGES = YES;
				CURRENT_PROJECT_VERSION = 1;
				DEVELOPMENT_ASSET_PATHS = "\"PingChekker/Preview Content\"";
				DEVELOPMENT_TEAM = KCZ9U3V7VQ;
				ENABLE_HARDENED_RUNTIME = YES;
				ENABLE_PREVIEWS = YES;
				ENABLE_USER_SCRIPT_SANDBOXING = NO;
				FRAMEWORK_SEARCH_PATHS = "$(inherited)";
				GENERATE_INFOPLIST_FILE = YES;
				HEADER_SEARCH_PATHS = "$(inherited)";
				INFOPLIST_FILE = PingChekker/Info.plist;
				INFOPLIST_KEY_NSHumanReadableCopyright = "";
				INFOPLIST_KEY_NSLocalNetworkUsageDescription = "PingChekker needs access to your local network to identify your device's local IP address and network interface details.";
				INFOPLIST_KEY_NSLocationUsageDescription = "PingChekker needs access to your location to identify Wi-Fi networks (SSID & BSSID) for accurate history logging.";
				LD_RUNPATH_SEARCH_PATHS = (
					"$(inherited)",
					"@executable_path/../Frameworks",
				);
				LIBRARY_SEARCH_PATHS = "$(inherited)";
				MARKETING_VERSION = 1.0.0;
				PRODUCT_BUNDLE_IDENTIFIER = id.ios.komerce.rajaongkir;
				PRODUCT_NAME = "$(TARGET_NAME)";
				SWIFT_EMIT_LOC_STRINGS = YES;
				SWIFT_OBJC_BRIDGING_HEADER = "PingChekker/PingChekker-Bridging-Header.h";
				SWIFT_VERSION = 5.0;
			};
			name = Release;
		};
		A05ECF092D8722A700A018E5 /* Debug */ = {
			isa = XCBuildConfiguration;
			baseConfigurationReference = 541A4428898519BF067E0105 /* Pods-PingChekkerTests.debug.xcconfig */;
			buildSettings = {
				BUNDLE_LOADER = "$(TEST_HOST)";
				CODE_SIGN_STYLE = Automatic;
				CURRENT_PROJECT_VERSION = 1;
				DEVELOPMENT_TEAM = KCZ9U3V7VQ;
				GENERATE_INFOPLIST_FILE = YES;
				MACOSX_DEPLOYMENT_TARGET = 15.1;
				MARKETING_VERSION = 1.0;
				PRODUCT_BUNDLE_IDENTIFIER = id.ios.rajaongkirios.PingChekkerTests;
				PRODUCT_NAME = "$(TARGET_NAME)";
				SWIFT_EMIT_LOC_STRINGS = NO;
				SWIFT_VERSION = 5.0;
				TEST_HOST = "$(BUILT_PRODUCTS_DIR)/PingChekker.app/$(BUNDLE_EXECUTABLE_FOLDER_PATH)/PingChekker";
			};
			name = Debug;
		};
		A05ECF0A2D8722A700A018E5 /* Release */ = {
			isa = XCBuildConfiguration;
			baseConfigurationReference = D68E13F3B13C48DF96FBD613 /* Pods-PingChekkerTests.release.xcconfig */;
			buildSettings = {
				BUNDLE_LOADER = "$(TEST_HOST)";
				CODE_SIGN_STYLE = Automatic;
				CURRENT_PROJECT_VERSION = 1;
				DEVELOPMENT_TEAM = KCZ9U3V7VQ;
				GENERATE_INFOPLIST_FILE = YES;
				MACOSX_DEPLOYMENT_TARGET = 15.1;
				MARKETING_VERSION = 1.0;
				PRODUCT_BUNDLE_IDENTIFIER = id.ios.rajaongkirios.PingChekkerTests;
				PRODUCT_NAME = "$(TARGET_NAME)";
				SWIFT_EMIT_LOC_STRINGS = NO;
				SWIFT_VERSION = 5.0;
				TEST_HOST = "$(BUILT_PRODUCTS_DIR)/PingChekker.app/$(BUNDLE_EXECUTABLE_FOLDER_PATH)/PingChekker";
			};
			name = Release;
		};
		A05ECF0C2D8722A700A018E5 /* Debug */ = {
			isa = XCBuildConfiguration;
			baseConfigurationReference = A3B7C9404915196B11F8778C /* Pods-PingChekker-PingChekkerUITests.debug.xcconfig */;
			buildSettings = {
				CODE_SIGN_STYLE = Automatic;
				CURRENT_PROJECT_VERSION = 1;
				DEVELOPMENT_TEAM = KCZ9U3V7VQ;
				ENABLE_USER_SCRIPT_SANDBOXING = NO;
				GENERATE_INFOPLIST_FILE = YES;
				MARKETING_VERSION = 1.0;
				PRODUCT_BUNDLE_IDENTIFIER = id.ios.rajaongkirios.PingChekkerUITests;
				PRODUCT_NAME = "$(TARGET_NAME)";
				SWIFT_EMIT_LOC_STRINGS = NO;
				SWIFT_VERSION = 5.0;
				TEST_TARGET_NAME = PingChekker;
			};
			name = Debug;
		};
		A05ECF0D2D8722A700A018E5 /* Release */ = {
			isa = XCBuildConfiguration;
			baseConfigurationReference = 6305926D5933CEED4CE66932 /* Pods-PingChekker-PingChekkerUITests.release.xcconfig */;
			buildSettings = {
				CODE_SIGN_STYLE = Automatic;
				CURRENT_PROJECT_VERSION = 1;
				DEVELOPMENT_TEAM = KCZ9U3V7VQ;
				ENABLE_USER_SCRIPT_SANDBOXING = NO;
				GENERATE_INFOPLIST_FILE = YES;
				MARKETING_VERSION = 1.0;
				PRODUCT_BUNDLE_IDENTIFIER = id.ios.rajaongkirios.PingChekkerUITests;
				PRODUCT_NAME = "$(TARGET_NAME)";
				SWIFT_EMIT_LOC_STRINGS = NO;
				SWIFT_VERSION = 5.0;
				TEST_TARGET_NAME = PingChekker;
			};
			name = Release;
		};
/* End XCBuildConfiguration section */

/* Begin XCConfigurationList section */
		A05ECEDB2D8722A500A018E5 /* Build configuration list for PBXProject "PingChekker" */ = {
			isa = XCConfigurationList;
			buildConfigurations = (
				A05ECF032D8722A700A018E5 /* Debug */,
				A05ECF042D8722A700A018E5 /* Release */,
			);
			defaultConfigurationIsVisible = 0;
			defaultConfigurationName = Release;
		};
		A05ECF052D8722A700A018E5 /* Build configuration list for PBXNativeTarget "PingChekker" */ = {
			isa = XCConfigurationList;
			buildConfigurations = (
				A05ECF062D8722A700A018E5 /* Debug */,
				A05ECF072D8722A700A018E5 /* Release */,
			);
			defaultConfigurationIsVisible = 0;
			defaultConfigurationName = Release;
		};
		A05ECF082D8722A700A018E5 /* Build configuration list for PBXNativeTarget "PingChekkerTests" */ = {
			isa = XCConfigurationList;
			buildConfigurations = (
				A05ECF092D8722A700A018E5 /* Debug */,
				A05ECF0A2D8722A700A018E5 /* Release */,
			);
			defaultConfigurationIsVisible = 0;
			defaultConfigurationName = Release;
		};
		A05ECF0B2D8722A700A018E5 /* Build configuration list for PBXNativeTarget "PingChekkerUITests" */ = {
			isa = XCConfigurationList;
			buildConfigurations = (
				A05ECF0C2D8722A700A018E5 /* Debug */,
				A05ECF0D2D8722A700A018E5 /* Release */,
			);
			defaultConfigurationIsVisible = 0;
			defaultConfigurationName = Release;
		};
/* End XCConfigurationList section */
	};
	rootObject = A05ECED82D8722A500A018E5 /* Project object */;
}
